
Microsoft Visual Studio Solution File, Format Version 12.00
# Visual Studio 2013
VisualStudioVersion = 12.0.40629.0
MinimumVisualStudioVersion = 10.0.40219.1
Project("{FAE04EC0-301F-11D3-BF4B-00C04F79EFBC}") = "Linq2Acad", "Linq2Acad\Linq2Acad.csproj", "{7702E342-FABC-49A4-9337-BFC9B5B3B99E}"
EndProject
Project("{FAE04EC0-301F-11D3-BF4B-00C04F79EFBC}") = "Linq2Acad.Tests", "Linq2Acad.Tests\Linq2Acad.Tests.csproj", "{2013C16C-B9F5-44D5-B5F6-93C90DE6DD57}"
EndProject
Project("{FAE04EC0-301F-11D3-BF4B-00C04F79EFBC}") = "Linq2Acad.UnitTests", "Linq2Acad.UnitTests\Linq2Acad.UnitTests.csproj", "{188214AF-DCBC-446D-B727-3C309D15B5FF}"
EndProject
Global
	GlobalSection(SolutionConfigurationPlatforms) = preSolution
		Debug|Any CPU = Debug|Any CPU
		Debug|x86 = Debug|x86
		Release|Any CPU = Release|Any CPU
		Release|x86 = Release|x86
	EndGlobalSection
	GlobalSection(ProjectConfigurationPlatforms) = postSolution
		{7702E342-FABC-49A4-9337-BFC9B5B3B99E}.Debug|Any CPU.ActiveCfg = Debug|Any CPU
		{7702E342-FABC-49A4-9337-BFC9B5B3B99E}.Debug|Any CPU.Build.0 = Debug|Any CPU
		{7702E342-FABC-49A4-9337-BFC9B5B3B99E}.Debug|x86.ActiveCfg = Debug|x86
		{7702E342-FABC-49A4-9337-BFC9B5B3B99E}.Debug|x86.Build.0 = Debug|x86
		{7702E342-FABC-49A4-9337-BFC9B5B3B99E}.Release|Any CPU.ActiveCfg = Release|Any CPU
		{7702E342-FABC-49A4-9337-BFC9B5B3B99E}.Release|Any CPU.Build.0 = Release|Any CPU
		{7702E342-FABC-49A4-9337-BFC9B5B3B99E}.Release|x86.ActiveCfg = Release|x86
		{7702E342-FABC-49A4-9337-BFC9B5B3B99E}.Release|x86.Build.0 = Release|x86
		{2013C16C-B9F5-44D5-B5F6-93C90DE6DD57}.Debug|Any CPU.ActiveCfg = Debug|Any CPU
		{2013C16C-B9F5-44D5-B5F6-93C90DE6DD57}.Debug|Any CPU.Build.0 = Debug|Any CPU
		{2013C16C-B9F5-44D5-B5F6-93C90DE6DD57}.Debug|x86.ActiveCfg = Debug|x86
		{2013C16C-B9F5-44D5-B5F6-93C90DE6DD57}.Debug|x86.Build.0 = Debug|x86
		{2013C16C-B9F5-44D5-B5F6-93C90DE6DD57}.Release|Any CPU.ActiveCfg = Release|Any CPU
		{2013C16C-B9F5-44D5-B5F6-93C90DE6DD57}.Release|Any CPU.Build.0 = Release|Any CPU
		{2013C16C-B9F5-44D5-B5F6-93C90DE6DD57}.Release|x86.ActiveCfg = Release|x86
		{2013C16C-B9F5-44D5-B5F6-93C90DE6DD57}.Release|x86.Build.0 = Release|x86
		{188214AF-DCBC-446D-B727-3C309D15B5FF}.Debug|Any CPU.ActiveCfg = Debug|Any CPU
		{188214AF-DCBC-446D-B727-3C309D15B5FF}.Debug|Any CPU.Build.0 = Debug|Any CPU
		{188214AF-DCBC-446D-B727-3C309D15B5FF}.Debug|x86.ActiveCfg = Debug|Any CPU
		{188214AF-DCBC-446D-B727-3C309D15B5FF}.Release|Any CPU.ActiveCfg = Release|Any CPU
		{188214AF-DCBC-446D-B727-3C309D15B5FF}.Release|Any CPU.Build.0 = Release|Any CPU
		{188214AF-DCBC-446D-B727-3C309D15B5FF}.Release|x86.ActiveCfg = Release|Any CPU
	EndGlobalSection
	GlobalSection(SolutionProperties) = preSolution
		HideSolutionNode = FALSE
	EndGlobalSection
EndGlobal
