
Microsoft Visual Studio Solution File, Format Version 12.00
# Visual Studio 2012
Project("{FAE04EC0-301F-11D3-BF4B-00C04F79EFBC}") = "Linq2Acad", "Linq2Acad\Linq2Acad.csproj", "{7702E342-FABC-49A4-9337-BFC9B5B3B99E}"
EndProject
Project("{FAE04EC0-301F-11D3-BF4B-00C04F79EFBC}") = "Linq2Acad.Tests", "Linq2Acad.Tests\Linq2Acad.Tests.csproj", "{9F98E20C-8CAF-4DCA-A0BB-8174258613AF}"
EndProject
Global
	GlobalSection(SolutionConfigurationPlatforms) = preSolution
		Debug|Any CPU = Debug|Any CPU
		Release|Any CPU = Release|Any CPU
	EndGlobalSection
	GlobalSection(ProjectConfigurationPlatforms) = postSolution
		{7702E342-FABC-49A4-9337-BFC9B5B3B99E}.Debug|Any CPU.ActiveCfg = Debug|Any CPU
		{7702E342-FABC-49A4-9337-BFC9B5B3B99E}.Debug|Any CPU.Build.0 = Debug|Any CPU
		{7702E342-FABC-49A4-9337-BFC9B5B3B99E}.Release|Any CPU.ActiveCfg = Release|Any CPU
		{7702E342-FABC-49A4-9337-BFC9B5B3B99E}.Release|Any CPU.Build.0 = Release|Any CPU
		{9F98E20C-8CAF-4DCA-A0BB-8174258613AF}.Debug|Any CPU.ActiveCfg = Debug|Any CPU
		{9F98E20C-8CAF-4DCA-A0BB-8174258613AF}.Debug|Any CPU.Build.0 = Debug|Any CPU
		{9F98E20C-8CAF-4DCA-A0BB-8174258613AF}.Release|Any CPU.ActiveCfg = Release|Any CPU
		{9F98E20C-8CAF-4DCA-A0BB-8174258613AF}.Release|Any CPU.Build.0 = Release|Any CPU
	EndGlobalSection
	GlobalSection(SolutionProperties) = preSolution
		HideSolutionNode = FALSE
	EndGlobalSection
EndGlobal
