
Microsoft Visual Studio Solution File, Format Version 12.00
# Visual Studio 2012
Project("{FAE04EC0-301F-11D3-BF4B-00C04F79EFBC}") = "Linq2Acad", "Linq2Acad\Linq2Acad.csproj", "{7702E342-FABC-49A4-9337-BFC9B5B3B99E}"
EndProject
Project("{FAE04EC0-301F-11D3-BF4B-00C04F79EFBC}") = "Linq2Acad.Examples", "Linq2Acad.Examples\Linq2Acad.Examples.csproj", "{362C5E5D-7917-4B4A-8A5F-AFB997127AB8}"
EndProject
Global
	GlobalSection(SolutionConfigurationPlatforms) = preSolution
		Debug|Any CPU = Debug|Any CPU
		Debug|x86 = Debug|x86
		Release|Any CPU = Release|Any CPU
		Release|x86 = Release|x86
	EndGlobalSection
	GlobalSection(ProjectConfigurationPlatforms) = postSolution
		{7702E342-FABC-49A4-9337-BFC9B5B3B99E}.Debug|Any CPU.ActiveCfg = Debug|Any CPU
		{7702E342-FABC-49A4-9337-BFC9B5B3B99E}.Debug|Any CPU.Build.0 = Debug|Any CPU
		{7702E342-FABC-49A4-9337-BFC9B5B3B99E}.Debug|x86.ActiveCfg = Debug|x86
		{7702E342-FABC-49A4-9337-BFC9B5B3B99E}.Debug|x86.Build.0 = Debug|x86
		{7702E342-FABC-49A4-9337-BFC9B5B3B99E}.Release|Any CPU.ActiveCfg = Release|Any CPU
		{7702E342-FABC-49A4-9337-BFC9B5B3B99E}.Release|Any CPU.Build.0 = Release|Any CPU
		{7702E342-FABC-49A4-9337-BFC9B5B3B99E}.Release|x86.ActiveCfg = Release|x86
		{7702E342-FABC-49A4-9337-BFC9B5B3B99E}.Release|x86.Build.0 = Release|x86
		{362C5E5D-7917-4B4A-8A5F-AFB997127AB8}.Debug|Any CPU.ActiveCfg = Debug|Any CPU
		{362C5E5D-7917-4B4A-8A5F-AFB997127AB8}.Debug|Any CPU.Build.0 = Debug|Any CPU
		{362C5E5D-7917-4B4A-8A5F-AFB997127AB8}.Debug|x86.ActiveCfg = Debug|Any CPU
		{362C5E5D-7917-4B4A-8A5F-AFB997127AB8}.Release|Any CPU.ActiveCfg = Release|Any CPU
		{362C5E5D-7917-4B4A-8A5F-AFB997127AB8}.Release|Any CPU.Build.0 = Release|Any CPU
		{362C5E5D-7917-4B4A-8A5F-AFB997127AB8}.Release|x86.ActiveCfg = Release|Any CPU
	EndGlobalSection
	GlobalSection(SolutionProperties) = preSolution
		HideSolutionNode = FALSE
	EndGlobalSection
EndGlobal
