
Microsoft Visual Studio Solution File, Format Version 12.00
# Visual Studio 2013
VisualStudioVersion = 12.0.40629.0
MinimumVisualStudioVersion = 10.0.40219.1
Project("{FAE04EC0-301F-11D3-BF4B-00C04F79EFBC}") = "Linq2Acad", "Linq2Acad\Linq2Acad.csproj", "{7702E342-FABC-49A4-9337-BFC9B5B3B99E}"
EndProject
Project("{FAE04EC0-301F-11D3-BF4B-00C04F79EFBC}") = "Linq2Acad.SampleCode.CS", "Linq2Acad.SampleCode.CS\Linq2Acad.SampleCode.CS.csproj", "{362C5E5D-7917-4B4A-8A5F-AFB997127AB8}"
EndProject
Project("{F184B08F-C81C-45F6-A57F-5ABD9991F28F}") = "Linq2Acad.SampleCode.VB", "Linq2Acad.SampleCode.VB\Linq2Acad.SampleCode.VB.vbproj", "{53CDBDB5-EFFB-4760-ACB9-6C6F0EBF6352}"
EndProject
Project("{2150E333-8FDC-42A3-9474-1A3956D46DE8}") = "SampleCode", "SampleCode", "{C1BC5403-C0EC-4D54-A629-2BF2F65E0E08}"
EndProject
Project("{FAE04EC0-301F-11D3-BF4B-00C04F79EFBC}") = "Linq2Acad.Tests", "Linq2Acad.Tests\Linq2Acad.Tests.csproj", "{9F98E20C-8CAF-4DCA-A0BB-8174258613AF}"
EndProject
Global
	GlobalSection(SolutionConfigurationPlatforms) = preSolution
		Debug|Any CPU = Debug|Any CPU
		Debug|x86 = Debug|x86
		Release|Any CPU = Release|Any CPU
		Release|x86 = Release|x86
	EndGlobalSection
	GlobalSection(ProjectConfigurationPlatforms) = postSolution
		{7702E342-FABC-49A4-9337-BFC9B5B3B99E}.Debug|Any CPU.ActiveCfg = Debug|Any CPU
		{7702E342-FABC-49A4-9337-BFC9B5B3B99E}.Debug|Any CPU.Build.0 = Debug|Any CPU
		{7702E342-FABC-49A4-9337-BFC9B5B3B99E}.Debug|x86.ActiveCfg = Debug|x86
		{7702E342-FABC-49A4-9337-BFC9B5B3B99E}.Debug|x86.Build.0 = Debug|x86
		{7702E342-FABC-49A4-9337-BFC9B5B3B99E}.Release|Any CPU.ActiveCfg = Release|Any CPU
		{7702E342-FABC-49A4-9337-BFC9B5B3B99E}.Release|Any CPU.Build.0 = Release|Any CPU
		{7702E342-FABC-49A4-9337-BFC9B5B3B99E}.Release|x86.ActiveCfg = Release|x86
		{7702E342-FABC-49A4-9337-BFC9B5B3B99E}.Release|x86.Build.0 = Release|x86
		{362C5E5D-7917-4B4A-8A5F-AFB997127AB8}.Debug|Any CPU.ActiveCfg = Debug|Any CPU
		{362C5E5D-7917-4B4A-8A5F-AFB997127AB8}.Debug|Any CPU.Build.0 = Debug|Any CPU
		{362C5E5D-7917-4B4A-8A5F-AFB997127AB8}.Debug|x86.ActiveCfg = Debug|Any CPU
		{362C5E5D-7917-4B4A-8A5F-AFB997127AB8}.Release|Any CPU.ActiveCfg = Release|Any CPU
		{362C5E5D-7917-4B4A-8A5F-AFB997127AB8}.Release|Any CPU.Build.0 = Release|Any CPU
		{362C5E5D-7917-4B4A-8A5F-AFB997127AB8}.Release|x86.ActiveCfg = Release|Any CPU
		{53CDBDB5-EFFB-4760-ACB9-6C6F0EBF6352}.Debug|Any CPU.ActiveCfg = Debug|Any CPU
		{53CDBDB5-EFFB-4760-ACB9-6C6F0EBF6352}.Debug|Any CPU.Build.0 = Debug|Any CPU
		{53CDBDB5-EFFB-4760-ACB9-6C6F0EBF6352}.Debug|x86.ActiveCfg = Debug|Any CPU
		{53CDBDB5-EFFB-4760-ACB9-6C6F0EBF6352}.Release|Any CPU.ActiveCfg = Release|Any CPU
		{53CDBDB5-EFFB-4760-ACB9-6C6F0EBF6352}.Release|Any CPU.Build.0 = Release|Any CPU
		{53CDBDB5-EFFB-4760-ACB9-6C6F0EBF6352}.Release|x86.ActiveCfg = Release|Any CPU
		{9F98E20C-8CAF-4DCA-A0BB-8174258613AF}.Debug|Any CPU.ActiveCfg = Debug|Any CPU
		{9F98E20C-8CAF-4DCA-A0BB-8174258613AF}.Debug|Any CPU.Build.0 = Debug|Any CPU
		{9F98E20C-8CAF-4DCA-A0BB-8174258613AF}.Debug|x86.ActiveCfg = Debug|Any CPU
		{9F98E20C-8CAF-4DCA-A0BB-8174258613AF}.Release|Any CPU.ActiveCfg = Release|Any CPU
		{9F98E20C-8CAF-4DCA-A0BB-8174258613AF}.Release|Any CPU.Build.0 = Release|Any CPU
		{9F98E20C-8CAF-4DCA-A0BB-8174258613AF}.Release|x86.ActiveCfg = Release|Any CPU
	EndGlobalSection
	GlobalSection(SolutionProperties) = preSolution
		HideSolutionNode = FALSE
	EndGlobalSection
	GlobalSection(NestedProjects) = preSolution
		{362C5E5D-7917-4B4A-8A5F-AFB997127AB8} = {C1BC5403-C0EC-4D54-A629-2BF2F65E0E08}
		{53CDBDB5-EFFB-4760-ACB9-6C6F0EBF6352} = {C1BC5403-C0EC-4D54-A629-2BF2F65E0E08}
	EndGlobalSection
EndGlobal
