
Microsoft Visual Studio Solution File, Format Version 12.00
# Visual Studio 15
VisualStudioVersion = 15.0.27703.2000
MinimumVisualStudioVersion = 10.0.40219.1
Project("{FAE04EC0-301F-11D3-BF4B-00C04F79EFBC}") = "Linq2Acad", "Linq2Acad\Linq2Acad.csproj", "{F6A486AE-1021-40F5-B8D4-AECE96D3ACAD}"
EndProject
Project("{FAE04EC0-301F-11D3-BF4B-00C04F79EFBC}") = "Linq2Acad.SampleCode.CS", "Linq2Acad.SampleCode.CS\Linq2Acad.SampleCode.CS.csproj", "{26DFB554-F79F-4B96-A1EB-4B7FE033F195}"
EndProject
Project("{F184B08F-C81C-45F6-A57F-5ABD9991F28F}") = "Linq2Acad.SampleCode.VB", "Linq2Acad.SampleCode.VB\Linq2Acad.SampleCode.VB.vbproj", "{E0EE0BAE-E2F8-481F-A58D-43E60931B638}"
EndProject
Project("{2150E333-8FDC-42A3-9474-1A3956D46DE8}") = "SampleCode", "SampleCode", "{C1BC5403-C0EC-4D54-A629-2BF2F65E0E08}"
EndProject
Global
	GlobalSection(SolutionConfigurationPlatforms) = preSolution
		Debug|Any CPU = Debug|Any CPU
		Release|Any CPU = Release|Any CPU
	EndGlobalSection
	GlobalSection(ProjectConfigurationPlatforms) = postSolution
		{F6A486AE-1021-40F5-B8D4-AECE96D3ACAD}.Debug|Any CPU.ActiveCfg = Debug|Any CPU
		{F6A486AE-1021-40F5-B8D4-AECE96D3ACAD}.Debug|Any CPU.Build.0 = Debug|Any CPU
		{F6A486AE-1021-40F5-B8D4-AECE96D3ACAD}.Release|Any CPU.ActiveCfg = Release|Any CPU
		{F6A486AE-1021-40F5-B8D4-AECE96D3ACAD}.Release|Any CPU.Build.0 = Release|Any CPU
		{26DFB554-F79F-4B96-A1EB-4B7FE033F195}.Debug|Any CPU.ActiveCfg = Debug|Any CPU
		{26DFB554-F79F-4B96-A1EB-4B7FE033F195}.Debug|Any CPU.Build.0 = Debug|Any CPU
		{26DFB554-F79F-4B96-A1EB-4B7FE033F195}.Release|Any CPU.ActiveCfg = Release|Any CPU
		{26DFB554-F79F-4B96-A1EB-4B7FE033F195}.Release|Any CPU.Build.0 = Release|Any CPU
		{E0EE0BAE-E2F8-481F-A58D-43E60931B638}.Debug|Any CPU.ActiveCfg = Debug|Any CPU
		{E0EE0BAE-E2F8-481F-A58D-43E60931B638}.Debug|Any CPU.Build.0 = Debug|Any CPU
		{E0EE0BAE-E2F8-481F-A58D-43E60931B638}.Release|Any CPU.ActiveCfg = Release|Any CPU
		{E0EE0BAE-E2F8-481F-A58D-43E60931B638}.Release|Any CPU.Build.0 = Release|Any CPU
	EndGlobalSection
	GlobalSection(SolutionProperties) = preSolution
		HideSolutionNode = FALSE
	EndGlobalSection
	GlobalSection(NestedProjects) = preSolution
		{26DFB554-F79F-4B96-A1EB-4B7FE033F195} = {C1BC5403-C0EC-4D54-A629-2BF2F65E0E08}
		{E0EE0BAE-E2F8-481F-A58D-43E60931B638} = {C1BC5403-C0EC-4D54-A629-2BF2F65E0E08}
	EndGlobalSection
	GlobalSection(ExtensibilityGlobals) = postSolution
		SolutionGuid = {729E4634-803D-4122-BD0F-0C44F38E2573}
	EndGlobalSection
EndGlobal
