
Microsoft Visual Studio Solution File, Format Version 12.00
# Visual Studio Version 17
VisualStudioVersion = 17.1.32414.318
MinimumVisualStudioVersion = 10.0.40219.1
Project("{FAE04EC0-301F-11D3-BF4B-00C04F79EFBC}") = "Linq2Acad", "Linq2Acad\Linq2Acad.csproj", "{439863BE-0E7E-41F6-B6DF-9EA47AA3E022}"
EndProject
Project("{FAE04EC0-301F-11D3-BF4B-00C04F79EFBC}") = "Linq2Acad.SampleCode.CS", "Linq2Acad.SampleCode.CS\Linq2Acad.SampleCode.CS.csproj", "{2B3A32B0-980C-4C42-BD5D-7BC7FD944FC4}"
EndProject
Project("{2150E333-8FDC-42A3-9474-1A3956D46DE8}") = "SampleCode", "SampleCode", "{D1AB8935-D4F1-4C74-9674-BCCED44A791C}"
EndProject
Project("{F184B08F-C81C-45F6-A57F-5ABD9991F28F}") = "Linq2Acad.SampleCode.VB", "Linq2Acad.SampleCode.VB\Linq2Acad.SampleCode.VB.vbproj", "{EBC2D2E6-C3EF-4225-A30B-DE6DB36505A0}"
EndProject
Project("{2150E333-8FDC-42A3-9474-1A3956D46DE8}") = "Solution Items", "Solution Items", "{D7A90959-EFE4-42FC-A6AB-E0A7C9E1FA80}"
	ProjectSection(SolutionItems) = preProject
		Linq2Acad\.editorconfig = Linq2Acad\.editorconfig
	EndProjectSection
EndProject
Global
	GlobalSection(SolutionConfigurationPlatforms) = preSolution
		Debug_2015|Any CPU = Debug_2015|Any CPU
		Debug_2016|Any CPU = Debug_2016|Any CPU
		Debug_2017|Any CPU = Debug_2017|Any CPU
		Debug_2018|Any CPU = Debug_2018|Any CPU
		Debug_2019|Any CPU = Debug_2019|Any CPU
		Debug_2020|Any CPU = Debug_2020|Any CPU
		Debug_2021|Any CPU = Debug_2021|Any CPU
		Debug_2022|Any CPU = Debug_2022|Any CPU
		Debug_2023|Any CPU = Debug_2023|Any CPU
		Debug|Any CPU = Debug|Any CPU
		Release_2015|Any CPU = Release_2015|Any CPU
		Release_2016|Any CPU = Release_2016|Any CPU
		Release_2017|Any CPU = Release_2017|Any CPU
		Release_2018|Any CPU = Release_2018|Any CPU
		Release_2019|Any CPU = Release_2019|Any CPU
		Release_2020|Any CPU = Release_2020|Any CPU
		Release_2021|Any CPU = Release_2021|Any CPU
		Release_2022|Any CPU = Release_2022|Any CPU
		Release_2023|Any CPU = Release_2023|Any CPU
		Release|Any CPU = Release|Any CPU
	EndGlobalSection
	GlobalSection(ProjectConfigurationPlatforms) = postSolution
		{439863BE-0E7E-41F6-B6DF-9EA47AA3E022}.Debug_2015|Any CPU.ActiveCfg = Debug_2015|Any CPU
		{439863BE-0E7E-41F6-B6DF-9EA47AA3E022}.Debug_2015|Any CPU.Build.0 = Debug_2015|Any CPU
		{439863BE-0E7E-41F6-B6DF-9EA47AA3E022}.Debug_2016|Any CPU.ActiveCfg = Debug_2016|Any CPU
		{439863BE-0E7E-41F6-B6DF-9EA47AA3E022}.Debug_2016|Any CPU.Build.0 = Debug_2016|Any CPU
		{439863BE-0E7E-41F6-B6DF-9EA47AA3E022}.Debug_2017|Any CPU.ActiveCfg = Debug_2017|Any CPU
		{439863BE-0E7E-41F6-B6DF-9EA47AA3E022}.Debug_2017|Any CPU.Build.0 = Debug_2017|Any CPU
		{439863BE-0E7E-41F6-B6DF-9EA47AA3E022}.Debug_2018|Any CPU.ActiveCfg = Debug_2018|Any CPU
		{439863BE-0E7E-41F6-B6DF-9EA47AA3E022}.Debug_2018|Any CPU.Build.0 = Debug_2018|Any CPU
		{439863BE-0E7E-41F6-B6DF-9EA47AA3E022}.Debug_2019|Any CPU.ActiveCfg = Debug_2019|Any CPU
		{439863BE-0E7E-41F6-B6DF-9EA47AA3E022}.Debug_2019|Any CPU.Build.0 = Debug_2019|Any CPU
		{439863BE-0E7E-41F6-B6DF-9EA47AA3E022}.Debug_2020|Any CPU.ActiveCfg = Debug_2020|Any CPU
		{439863BE-0E7E-41F6-B6DF-9EA47AA3E022}.Debug_2020|Any CPU.Build.0 = Debug_2020|Any CPU
		{439863BE-0E7E-41F6-B6DF-9EA47AA3E022}.Debug_2021|Any CPU.ActiveCfg = Debug_2021|Any CPU
		{439863BE-0E7E-41F6-B6DF-9EA47AA3E022}.Debug_2021|Any CPU.Build.0 = Debug_2021|Any CPU
		{439863BE-0E7E-41F6-B6DF-9EA47AA3E022}.Debug_2022|Any CPU.ActiveCfg = Debug_2022|Any CPU
		{439863BE-0E7E-41F6-B6DF-9EA47AA3E022}.Debug_2022|Any CPU.Build.0 = Debug_2022|Any CPU
		{439863BE-0E7E-41F6-B6DF-9EA47AA3E022}.Debug_2023|Any CPU.ActiveCfg = Debug_2023|Any CPU
		{439863BE-0E7E-41F6-B6DF-9EA47AA3E022}.Debug_2023|Any CPU.Build.0 = Debug_2023|Any CPU
		{439863BE-0E7E-41F6-B6DF-9EA47AA3E022}.Debug|Any CPU.ActiveCfg = Debug_2023|Any CPU
		{439863BE-0E7E-41F6-B6DF-9EA47AA3E022}.Debug|Any CPU.Build.0 = Debug_2023|Any CPU
		{439863BE-0E7E-41F6-B6DF-9EA47AA3E022}.Release_2015|Any CPU.ActiveCfg = Release_2015|Any CPU
		{439863BE-0E7E-41F6-B6DF-9EA47AA3E022}.Release_2015|Any CPU.Build.0 = Release_2015|Any CPU
		{439863BE-0E7E-41F6-B6DF-9EA47AA3E022}.Release_2016|Any CPU.ActiveCfg = Release_2016|Any CPU
		{439863BE-0E7E-41F6-B6DF-9EA47AA3E022}.Release_2016|Any CPU.Build.0 = Release_2016|Any CPU
		{439863BE-0E7E-41F6-B6DF-9EA47AA3E022}.Release_2017|Any CPU.ActiveCfg = Release_2017|Any CPU
		{439863BE-0E7E-41F6-B6DF-9EA47AA3E022}.Release_2017|Any CPU.Build.0 = Release_2017|Any CPU
		{439863BE-0E7E-41F6-B6DF-9EA47AA3E022}.Release_2018|Any CPU.ActiveCfg = Release_2018|Any CPU
		{439863BE-0E7E-41F6-B6DF-9EA47AA3E022}.Release_2018|Any CPU.Build.0 = Release_2018|Any CPU
		{439863BE-0E7E-41F6-B6DF-9EA47AA3E022}.Release_2019|Any CPU.ActiveCfg = Release_2019|Any CPU
		{439863BE-0E7E-41F6-B6DF-9EA47AA3E022}.Release_2019|Any CPU.Build.0 = Release_2019|Any CPU
		{439863BE-0E7E-41F6-B6DF-9EA47AA3E022}.Release_2020|Any CPU.ActiveCfg = Release_2020|Any CPU
		{439863BE-0E7E-41F6-B6DF-9EA47AA3E022}.Release_2020|Any CPU.Build.0 = Release_2020|Any CPU
		{439863BE-0E7E-41F6-B6DF-9EA47AA3E022}.Release_2021|Any CPU.ActiveCfg = Release_2021|Any CPU
		{439863BE-0E7E-41F6-B6DF-9EA47AA3E022}.Release_2021|Any CPU.Build.0 = Release_2021|Any CPU
		{439863BE-0E7E-41F6-B6DF-9EA47AA3E022}.Release_2022|Any CPU.ActiveCfg = Release_2022|Any CPU
		{439863BE-0E7E-41F6-B6DF-9EA47AA3E022}.Release_2022|Any CPU.Build.0 = Release_2022|Any CPU
		{439863BE-0E7E-41F6-B6DF-9EA47AA3E022}.Release_2023|Any CPU.ActiveCfg = Release_2023|Any CPU
		{439863BE-0E7E-41F6-B6DF-9EA47AA3E022}.Release_2023|Any CPU.Build.0 = Release_2023|Any CPU
		{439863BE-0E7E-41F6-B6DF-9EA47AA3E022}.Release|Any CPU.ActiveCfg = Release_2023|Any CPU
		{439863BE-0E7E-41F6-B6DF-9EA47AA3E022}.Release|Any CPU.Build.0 = Release_2023|Any CPU
		{2B3A32B0-980C-4C42-BD5D-7BC7FD944FC4}.Debug_2015|Any CPU.ActiveCfg = Debug_2015|Any CPU
		{2B3A32B0-980C-4C42-BD5D-7BC7FD944FC4}.Debug_2015|Any CPU.Build.0 = Debug_2015|Any CPU
		{2B3A32B0-980C-4C42-BD5D-7BC7FD944FC4}.Debug_2016|Any CPU.ActiveCfg = Debug_2016|Any CPU
		{2B3A32B0-980C-4C42-BD5D-7BC7FD944FC4}.Debug_2016|Any CPU.Build.0 = Debug_2016|Any CPU
		{2B3A32B0-980C-4C42-BD5D-7BC7FD944FC4}.Debug_2017|Any CPU.ActiveCfg = Debug_2017|Any CPU
		{2B3A32B0-980C-4C42-BD5D-7BC7FD944FC4}.Debug_2017|Any CPU.Build.0 = Debug_2017|Any CPU
		{2B3A32B0-980C-4C42-BD5D-7BC7FD944FC4}.Debug_2018|Any CPU.ActiveCfg = Debug_2018|Any CPU
		{2B3A32B0-980C-4C42-BD5D-7BC7FD944FC4}.Debug_2018|Any CPU.Build.0 = Debug_2018|Any CPU
		{2B3A32B0-980C-4C42-BD5D-7BC7FD944FC4}.Debug_2019|Any CPU.ActiveCfg = Debug_2019|Any CPU
		{2B3A32B0-980C-4C42-BD5D-7BC7FD944FC4}.Debug_2019|Any CPU.Build.0 = Debug_2019|Any CPU
		{2B3A32B0-980C-4C42-BD5D-7BC7FD944FC4}.Debug_2020|Any CPU.ActiveCfg = Debug_2020|Any CPU
		{2B3A32B0-980C-4C42-BD5D-7BC7FD944FC4}.Debug_2020|Any CPU.Build.0 = Debug_2020|Any CPU
		{2B3A32B0-980C-4C42-BD5D-7BC7FD944FC4}.Debug_2021|Any CPU.ActiveCfg = Debug_2021|Any CPU
		{2B3A32B0-980C-4C42-BD5D-7BC7FD944FC4}.Debug_2021|Any CPU.Build.0 = Debug_2021|Any CPU
		{2B3A32B0-980C-4C42-BD5D-7BC7FD944FC4}.Debug_2022|Any CPU.ActiveCfg = Debug_2022|Any CPU
		{2B3A32B0-980C-4C42-BD5D-7BC7FD944FC4}.Debug_2022|Any CPU.Build.0 = Debug_2022|Any CPU
		{2B3A32B0-980C-4C42-BD5D-7BC7FD944FC4}.Debug_2023|Any CPU.ActiveCfg = Debug_2023|Any CPU
		{2B3A32B0-980C-4C42-BD5D-7BC7FD944FC4}.Debug_2023|Any CPU.Build.0 = Debug_2023|Any CPU
		{2B3A32B0-980C-4C42-BD5D-7BC7FD944FC4}.Debug|Any CPU.ActiveCfg = Debug_2023|Any CPU
		{2B3A32B0-980C-4C42-BD5D-7BC7FD944FC4}.Debug|Any CPU.Build.0 = Debug_2023|Any CPU
		{2B3A32B0-980C-4C42-BD5D-7BC7FD944FC4}.Release_2015|Any CPU.ActiveCfg = Release_2015|Any CPU
		{2B3A32B0-980C-4C42-BD5D-7BC7FD944FC4}.Release_2015|Any CPU.Build.0 = Release_2015|Any CPU
		{2B3A32B0-980C-4C42-BD5D-7BC7FD944FC4}.Release_2016|Any CPU.ActiveCfg = Release_2016|Any CPU
		{2B3A32B0-980C-4C42-BD5D-7BC7FD944FC4}.Release_2016|Any CPU.Build.0 = Release_2016|Any CPU
		{2B3A32B0-980C-4C42-BD5D-7BC7FD944FC4}.Release_2017|Any CPU.ActiveCfg = Release_2017|Any CPU
		{2B3A32B0-980C-4C42-BD5D-7BC7FD944FC4}.Release_2017|Any CPU.Build.0 = Release_2017|Any CPU
		{2B3A32B0-980C-4C42-BD5D-7BC7FD944FC4}.Release_2018|Any CPU.ActiveCfg = Release_2018|Any CPU
		{2B3A32B0-980C-4C42-BD5D-7BC7FD944FC4}.Release_2018|Any CPU.Build.0 = Release_2018|Any CPU
		{2B3A32B0-980C-4C42-BD5D-7BC7FD944FC4}.Release_2019|Any CPU.ActiveCfg = Release_2019|Any CPU
		{2B3A32B0-980C-4C42-BD5D-7BC7FD944FC4}.Release_2019|Any CPU.Build.0 = Release_2019|Any CPU
		{2B3A32B0-980C-4C42-BD5D-7BC7FD944FC4}.Release_2020|Any CPU.ActiveCfg = Release_2020|Any CPU
		{2B3A32B0-980C-4C42-BD5D-7BC7FD944FC4}.Release_2020|Any CPU.Build.0 = Release_2020|Any CPU
		{2B3A32B0-980C-4C42-BD5D-7BC7FD944FC4}.Release_2021|Any CPU.ActiveCfg = Release_2021|Any CPU
		{2B3A32B0-980C-4C42-BD5D-7BC7FD944FC4}.Release_2021|Any CPU.Build.0 = Release_2021|Any CPU
		{2B3A32B0-980C-4C42-BD5D-7BC7FD944FC4}.Release_2022|Any CPU.ActiveCfg = Release_2022|Any CPU
		{2B3A32B0-980C-4C42-BD5D-7BC7FD944FC4}.Release_2022|Any CPU.Build.0 = Release_2022|Any CPU
		{2B3A32B0-980C-4C42-BD5D-7BC7FD944FC4}.Release_2023|Any CPU.ActiveCfg = Release_2023|Any CPU
		{2B3A32B0-980C-4C42-BD5D-7BC7FD944FC4}.Release_2023|Any CPU.Build.0 = Release_2023|Any CPU
		{2B3A32B0-980C-4C42-BD5D-7BC7FD944FC4}.Release|Any CPU.ActiveCfg = Release_2023|Any CPU
		{2B3A32B0-980C-4C42-BD5D-7BC7FD944FC4}.Release|Any CPU.Build.0 = Release_2023|Any CPU
		{EBC2D2E6-C3EF-4225-A30B-DE6DB36505A0}.Debug_2015|Any CPU.ActiveCfg = Debug_2015|Any CPU
		{EBC2D2E6-C3EF-4225-A30B-DE6DB36505A0}.Debug_2015|Any CPU.Build.0 = Debug_2015|Any CPU
		{EBC2D2E6-C3EF-4225-A30B-DE6DB36505A0}.Debug_2016|Any CPU.ActiveCfg = Debug_2016|Any CPU
		{EBC2D2E6-C3EF-4225-A30B-DE6DB36505A0}.Debug_2016|Any CPU.Build.0 = Debug_2016|Any CPU
		{EBC2D2E6-C3EF-4225-A30B-DE6DB36505A0}.Debug_2017|Any CPU.ActiveCfg = Debug_2017|Any CPU
		{EBC2D2E6-C3EF-4225-A30B-DE6DB36505A0}.Debug_2017|Any CPU.Build.0 = Debug_2017|Any CPU
		{EBC2D2E6-C3EF-4225-A30B-DE6DB36505A0}.Debug_2018|Any CPU.ActiveCfg = Debug_2018|Any CPU
		{EBC2D2E6-C3EF-4225-A30B-DE6DB36505A0}.Debug_2018|Any CPU.Build.0 = Debug_2018|Any CPU
		{EBC2D2E6-C3EF-4225-A30B-DE6DB36505A0}.Debug_2019|Any CPU.ActiveCfg = Debug_2019|Any CPU
		{EBC2D2E6-C3EF-4225-A30B-DE6DB36505A0}.Debug_2019|Any CPU.Build.0 = Debug_2019|Any CPU
		{EBC2D2E6-C3EF-4225-A30B-DE6DB36505A0}.Debug_2020|Any CPU.ActiveCfg = Debug_2020|Any CPU
		{EBC2D2E6-C3EF-4225-A30B-DE6DB36505A0}.Debug_2020|Any CPU.Build.0 = Debug_2020|Any CPU
		{EBC2D2E6-C3EF-4225-A30B-DE6DB36505A0}.Debug_2021|Any CPU.ActiveCfg = Debug_2021|Any CPU
		{EBC2D2E6-C3EF-4225-A30B-DE6DB36505A0}.Debug_2021|Any CPU.Build.0 = Debug_2021|Any CPU
		{EBC2D2E6-C3EF-4225-A30B-DE6DB36505A0}.Debug_2022|Any CPU.ActiveCfg = Debug_2022|Any CPU
		{EBC2D2E6-C3EF-4225-A30B-DE6DB36505A0}.Debug_2022|Any CPU.Build.0 = Debug_2022|Any CPU
		{EBC2D2E6-C3EF-4225-A30B-DE6DB36505A0}.Debug_2023|Any CPU.ActiveCfg = Debug_2023|Any CPU
		{EBC2D2E6-C3EF-4225-A30B-DE6DB36505A0}.Debug_2023|Any CPU.Build.0 = Debug_2023|Any CPU
		{EBC2D2E6-C3EF-4225-A30B-DE6DB36505A0}.Debug|Any CPU.ActiveCfg = Debug_2015|Any CPU
		{EBC2D2E6-C3EF-4225-A30B-DE6DB36505A0}.Debug|Any CPU.Build.0 = Debug_2015|Any CPU
		{EBC2D2E6-C3EF-4225-A30B-DE6DB36505A0}.Release_2015|Any CPU.ActiveCfg = Release_2015|Any CPU
		{EBC2D2E6-C3EF-4225-A30B-DE6DB36505A0}.Release_2015|Any CPU.Build.0 = Release_2015|Any CPU
		{EBC2D2E6-C3EF-4225-A30B-DE6DB36505A0}.Release_2016|Any CPU.ActiveCfg = Release_2016|Any CPU
		{EBC2D2E6-C3EF-4225-A30B-DE6DB36505A0}.Release_2016|Any CPU.Build.0 = Release_2016|Any CPU
		{EBC2D2E6-C3EF-4225-A30B-DE6DB36505A0}.Release_2017|Any CPU.ActiveCfg = Release_2017|Any CPU
		{EBC2D2E6-C3EF-4225-A30B-DE6DB36505A0}.Release_2017|Any CPU.Build.0 = Release_2017|Any CPU
		{EBC2D2E6-C3EF-4225-A30B-DE6DB36505A0}.Release_2018|Any CPU.ActiveCfg = Release_2018|Any CPU
		{EBC2D2E6-C3EF-4225-A30B-DE6DB36505A0}.Release_2018|Any CPU.Build.0 = Release_2018|Any CPU
		{EBC2D2E6-C3EF-4225-A30B-DE6DB36505A0}.Release_2019|Any CPU.ActiveCfg = Release_2019|Any CPU
		{EBC2D2E6-C3EF-4225-A30B-DE6DB36505A0}.Release_2019|Any CPU.Build.0 = Release_2019|Any CPU
		{EBC2D2E6-C3EF-4225-A30B-DE6DB36505A0}.Release_2020|Any CPU.ActiveCfg = Release_2020|Any CPU
		{EBC2D2E6-C3EF-4225-A30B-DE6DB36505A0}.Release_2020|Any CPU.Build.0 = Release_2020|Any CPU
		{EBC2D2E6-C3EF-4225-A30B-DE6DB36505A0}.Release_2021|Any CPU.ActiveCfg = Release_2021|Any CPU
		{EBC2D2E6-C3EF-4225-A30B-DE6DB36505A0}.Release_2021|Any CPU.Build.0 = Release_2021|Any CPU
		{EBC2D2E6-C3EF-4225-A30B-DE6DB36505A0}.Release_2022|Any CPU.ActiveCfg = Release_2022|Any CPU
		{EBC2D2E6-C3EF-4225-A30B-DE6DB36505A0}.Release_2022|Any CPU.Build.0 = Release_2022|Any CPU
		{EBC2D2E6-C3EF-4225-A30B-DE6DB36505A0}.Release_2023|Any CPU.ActiveCfg = Release_2023|Any CPU
		{EBC2D2E6-C3EF-4225-A30B-DE6DB36505A0}.Release_2023|Any CPU.Build.0 = Release_2023|Any CPU
		{EBC2D2E6-C3EF-4225-A30B-DE6DB36505A0}.Release|Any CPU.ActiveCfg = Release_2015|Any CPU
		{EBC2D2E6-C3EF-4225-A30B-DE6DB36505A0}.Release|Any CPU.Build.0 = Release_2015|Any CPU
	EndGlobalSection
	GlobalSection(SolutionProperties) = preSolution
		HideSolutionNode = FALSE
	EndGlobalSection
	GlobalSection(NestedProjects) = preSolution
		{2B3A32B0-980C-4C42-BD5D-7BC7FD944FC4} = {D1AB8935-D4F1-4C74-9674-BCCED44A791C}
		{EBC2D2E6-C3EF-4225-A30B-DE6DB36505A0} = {D1AB8935-D4F1-4C74-9674-BCCED44A791C}
	EndGlobalSection
	GlobalSection(ExtensibilityGlobals) = postSolution
		SolutionGuid = {B97D2CD0-15DB-4C51-ADA7-547D0E0DC4A2}
	EndGlobalSection
EndGlobal
